
Microsoft Visual Studio Solution File, Format Version 12.00
# Visual Studio Version 17
VisualStudioVersion = 17.1.32210.238
MinimumVisualStudioVersion = 10.0.40219.1
Project("{FAE04EC0-301F-11D3-BF4B-00C04F79EFBC}") = "Khamzat upgifgt gissa", "Khamzat upgifgt gissa\Khamzat upgifgt gissa.csproj", "{B0C61878-1517-4A0F-AE63-9692B7F26912}"
EndProject
Global
	GlobalSection(SolutionConfigurationPlatforms) = preSolution
		Debug|Any CPU = Debug|Any CPU
		Release|Any CPU = Release|Any CPU
	EndGlobalSection
	GlobalSection(ProjectConfigurationPlatforms) = postSolution
		{B0C61878-1517-4A0F-AE63-9692B7F26912}.Debug|Any CPU.ActiveCfg = Debug|Any CPU
		{B0C61878-1517-4A0F-AE63-9692B7F26912}.Debug|Any CPU.Build.0 = Debug|Any CPU
		{B0C61878-1517-4A0F-AE63-9692B7F26912}.Release|Any CPU.ActiveCfg = Release|Any CPU
		{B0C61878-1517-4A0F-AE63-9692B7F26912}.Release|Any CPU.Build.0 = Release|Any CPU
	EndGlobalSection
	GlobalSection(SolutionProperties) = preSolution
		HideSolutionNode = FALSE
	EndGlobalSection
	GlobalSection(ExtensibilityGlobals) = postSolution
		SolutionGuid = {862F9A84-961D-4B11-89FA-F42EB857C73C}
	EndGlobalSection
EndGlobal
